
Microsoft Visual Studio Solution File, Format Version 12.00
# Visual Studio Version 17
VisualStudioVersion = 17.2.32616.157
MinimumVisualStudioVersion = 10.0.40219.1
Project("{FAE04EC0-301F-11D3-BF4B-00C04F79EFBC}") = "EjerciciosSem3", "EjerciciosSem3\EjerciciosSem3.csproj", "{CE70E7E8-AAE1-4DB8-9E43-9F3914CB532F}"
EndProject
Global
	GlobalSection(SolutionConfigurationPlatforms) = preSolution
		Debug|Any CPU = Debug|Any CPU
		Release|Any CPU = Release|Any CPU
	EndGlobalSection
	GlobalSection(ProjectConfigurationPlatforms) = postSolution
		{CE70E7E8-AAE1-4DB8-9E43-9F3914CB532F}.Debug|Any CPU.ActiveCfg = Debug|Any CPU
		{CE70E7E8-AAE1-4DB8-9E43-9F3914CB532F}.Debug|Any CPU.Build.0 = Debug|Any CPU
		{CE70E7E8-AAE1-4DB8-9E43-9F3914CB532F}.Release|Any CPU.ActiveCfg = Release|Any CPU
		{CE70E7E8-AAE1-4DB8-9E43-9F3914CB532F}.Release|Any CPU.Build.0 = Release|Any CPU
	EndGlobalSection
	GlobalSection(SolutionProperties) = preSolution
		HideSolutionNode = FALSE
	EndGlobalSection
	GlobalSection(ExtensibilityGlobals) = postSolution
		SolutionGuid = {A1736C25-E99C-41D2-896A-0D307C67F83D}
	EndGlobalSection
EndGlobal
